{
  "originHash" : "8aeb3581aa977b259f6cea60d038798180bb23199b778db7766786632bf5aa25",
  "pins" : [
    {
      "identity" : "alerttoast",
      "kind" : "remoteSourceControl",
      "location" : "https://github.com/elai950/AlertToast",
      "state" : {
        "branch" : "master",
        "revision" : "638f38f9daf08e17b7caea22d2fcb9c0a418d1b6"
      }
    },
    {
      "identity" : "factory",
      "kind" : "remoteSourceControl",
      "location" : "https://github.com/hmlongco/Factory",
      "state" : {
        "branch" : "swift6",
        "revision" : "4291e4a358826394c98052ea23879e04ada8f24c"
      }
    },
    {
      "identity" : "fakery",
      "kind" : "remoteSourceControl",
      "location" : "https://github.com/vadymmarkov/Fakery",
      "state" : {
        "branch" : "master",
        "revision" : "f68f2ceaaf6782db234e4cbcd5f06dbeeb91af7e"
      }
    }
  ],
  "version" : 3
}
