{
  "originHash" : "1f89e8afa49ffeef695f8795091873f78df14196941c366f2ad2b27c48e728fd",
  "pins" : [
    {
      "identity" : "alerttoast",
      "kind" : "remoteSourceControl",
      "location" : "https://github.com/elai950/AlertToast",
      "state" : {
        "branch" : "master",
        "revision" : "638f38f9daf08e17b7caea22d2fcb9c0a418d1b6"
      }
    },
    {
      "identity" : "factory",
      "kind" : "remoteSourceControl",
      "location" : "https://github.com/hmlongco/Factory",
      "state" : {
        "branch" : "swift6",
        "revision" : "4291e4a358826394c98052ea23879e04ada8f24c"
      }
    },
    {
      "identity" : "fakery",
      "kind" : "remoteSourceControl",
      "location" : "https://github.com/vadymmarkov/Fakery",
      "state" : {
        "branch" : "master",
        "revision" : "f68f2ceaaf6782db234e4cbcd5f06dbeeb91af7e"
      }
    }
  ],
  "version" : 3
}
